
Microsoft Visual Studio Solution File, Format Version 12.00
# Visual Studio Version 17
VisualStudioVersion = 17.9.34701.34
MinimumVisualStudioVersion = 10.0.40219.1
Project("{FAE04EC0-301F-11D3-BF4B-00C04F79EFBC}") = "EightQueensSolution", "EightQueensSolution.csproj", "{42839709-937D-4049-80B7-D61B232D97EB}"
EndProject
Global
	GlobalSection(SolutionConfigurationPlatforms) = preSolution
		Debug|Any CPU = Debug|Any CPU
		Release|Any CPU = Release|Any CPU
	EndGlobalSection
	GlobalSection(ProjectConfigurationPlatforms) = postSolution
		{42839709-937D-4049-80B7-D61B232D97EB}.Debug|Any CPU.ActiveCfg = Debug|Any CPU
		{42839709-937D-4049-80B7-D61B232D97EB}.Debug|Any CPU.Build.0 = Debug|Any CPU
		{42839709-937D-4049-80B7-D61B232D97EB}.Release|Any CPU.ActiveCfg = Release|Any CPU
		{42839709-937D-4049-80B7-D61B232D97EB}.Release|Any CPU.Build.0 = Release|Any CPU
	EndGlobalSection
	GlobalSection(SolutionProperties) = preSolution
		HideSolutionNode = FALSE
	EndGlobalSection
	GlobalSection(ExtensibilityGlobals) = postSolution
		SolutionGuid = {407753E4-6D4F-486F-9373-FCB0E8E881BF}
	EndGlobalSection
EndGlobal
